# generated by rye
# use `rye lock` or `rye sync` to update this lockfile
#
# last locked with the following flags:
#   pre: false
#   features: []
#   all-features: false
#   with-sources: false
#   generate-hashes: false
#   universal: false

-e file:.
annotated-types==0.7.0
    # via pydantic
click==8.1.8
    # via mads-dav-mel
contourpy==1.3.1
    # via matplotlib
cycler==0.12.1
    # via matplotlib
fonttools==4.56.0
    # via matplotlib
joblib==1.4.2
    # via scikit-learn
kiwisolver==1.4.8
    # via matplotlib
loguru==0.7.3
    # via mads-dav-mel
matplotlib==3.10.1
    # via seaborn
narwhals==1.31.0
    # via plotly
numpy==2.2.4
    # via contourpy
    # via mads-dav-mel
    # via matplotlib
    # via pandas
    # via patsy
    # via scikit-learn
    # via scipy
    # via seaborn
    # via statsmodels
packaging==24.2
    # via matplotlib
    # via plotly
    # via statsmodels
pandas==2.2.3
    # via mads-dav-mel
    # via seaborn
    # via statsmodels
patsy==1.0.1
    # via statsmodels
pillow==11.1.0
    # via matplotlib
plotly==6.0.1
    # via mads-dav-mel
pyarrow==19.0.1
    # via mads-dav-mel
pydantic==2.10.6
    # via mads-dav-mel
pydantic-core==2.27.2
    # via pydantic
pyparsing==3.2.1
    # via matplotlib
python-dateutil==2.9.0.post0
    # via matplotlib
    # via pandas
pytz==2025.1
    # via pandas
scikit-learn==1.6.1
    # via mads-dav-mel
scipy==1.15.2
    # via scikit-learn
    # via statsmodels
seaborn==0.13.2
    # via mads-dav-mel
six==1.17.0
    # via python-dateutil
statsmodels==0.14.4
    # via mads-dav-mel
threadpoolctl==3.6.0
    # via scikit-learn
typing-extensions==4.12.2
    # via pydantic
    # via pydantic-core
tzdata==2025.1
    # via pandas
